
Microsoft Visual Studio Solution File, Format Version 12.00
# Visual Studio Version 17
VisualStudioVersion = 17.0.31903.59
MinimumVisualStudioVersion = 10.0.40219.1
Project("{2150E333-8FDC-42A3-9474-1A3956D46DE8}") = "src", "src", "{DDB468F9-AACD-4EAF-9EBB-8DB0972963EB}"
EndProject
Project("{FAE04EC0-301F-11D3-BF4B-00C04F79EFBC}") = "FoundationLayer", "src\FoundationLayer\FoundationLayer.csproj", "{E7848A14-8A4B-4A3E-A17C-CD0DD69D3A44}"
EndProject
Project("{FAE04EC0-301F-11D3-BF4B-00C04F79EFBC}") = "AgencyLayer", "src\AgencyLayer\AgencyLayer.csproj", "{28732589-EFAE-418B-B5F6-7AEB4E95A0FA}"
EndProject
Project("{FAE04EC0-301F-11D3-BF4B-00C04F79EFBC}") = "ReasoningLayer", "src\ReasoningLayer\ReasoningLayer.csproj", "{CE791E4B-C711-4703-93F6-D5F0C6795554}"
EndProject
Project("{FAE04EC0-301F-11D3-BF4B-00C04F79EFBC}") = "MetacognitiveLayer", "src\MetacognitiveLayer\MetacognitiveLayer.csproj", "{E99198C3-E2ED-406C-9D42-03A8DB243CF6}"
EndProject
Project("{FAE04EC0-301F-11D3-BF4B-00C04F79EFBC}") = "MeshSimRuntime", "src\MeshSimRuntime\MeshSimRuntime.csproj", "{C921245D-3807-4B46-BD9D-0072DEC343E8}"
EndProject
Project("{2150E333-8FDC-42A3-9474-1A3956D46DE8}") = "tests", "tests", "{0AB3BF05-4346-4AA6-1389-037BE0695223}"
EndProject
Project("{2150E333-8FDC-42A3-9474-1A3956D46DE8}") = "MetacognitiveLayer", "MetacognitiveLayer", "{D54F1422-0CB8-7E5F-F9CC-49C88523FCD1}"
EndProject
Project("{FAE04EC0-301F-11D3-BF4B-00C04F79EFBC}") = "UncertaintyQuantification.Tests", "tests\MetacognitiveLayer\UncertaintyQuantification.Tests\UncertaintyQuantification.Tests.csproj", "{FAF348F7-99E7-4C20-A86D-3AC4D18DBCD6}"
EndProject
Project("{FAE04EC0-301F-11D3-BF4B-00C04F79EFBC}") = "ContinuousLearning.Tests", "tests\MetacognitiveLayer\ContinuousLearning\ContinuousLearning.Tests.csproj", "{A1B2C3D4-E5F6-7890-ABCD-EF0123456789}"
EndProject
Project("{FAE04EC0-301F-11D3-BF4B-00C04F79EFBC}") = "Integration.Tests", "tests\Integration\Integration.Tests.csproj", "{B2C3D4E5-F678-9012-ABCD-EF1234567890}"
EndProject
Project("{FAE04EC0-301F-11D3-BF4B-00C04F79EFBC}") = "CognitiveSandwich", "src\AgencyLayer\CognitiveSandwich\CognitiveSandwich.csproj", "{1A2B3C4D-5E6F-7A8B-9C0D-E1F2A3B4C5D6}"
EndProject
Project("{FAE04EC0-301F-11D3-BF4B-00C04F79EFBC}") = "CognitiveSovereignty", "src\AgencyLayer\CognitiveSovereignty\CognitiveSovereignty.csproj", "{2B3C4D5E-6F7A-8B9C-0D1E-F2A3B4C5D6E7}"
EndProject
Project("{2150E333-8FDC-42A3-9474-1A3956D46DE8}") = "AgencyLayer", "AgencyLayer", "{3C4D5E6F-7A8B-9C0D-1E2F-A3B4C5D6E7F8}"
EndProject
Project("{FAE04EC0-301F-11D3-BF4B-00C04F79EFBC}") = "CognitiveSandwich.Tests", "tests\AgencyLayer\CognitiveSandwich\CognitiveSandwich.Tests.csproj", "{4D5E6F7A-8B9C-0D1E-2F3A-B4C5D6E7F8A9}"
EndProject
Project("{FAE04EC0-301F-11D3-BF4B-00C04F79EFBC}") = "CognitiveSovereignty.Tests", "tests\AgencyLayer\CognitiveSovereignty\CognitiveSovereignty.Tests.csproj", "{5E6F7A8B-9C0D-1E2F-3A4B-C5D6E7F8A9B0}"
EndProject
Project("{FAE04EC0-301F-11D3-BF4B-00C04F79EFBC}") = "TemporalDecisionCore", "src\ReasoningLayer\TemporalDecisionCore\TemporalDecisionCore.csproj", "{A1B2C3D4-0001-0001-0001-000000000001}"
EndProject
Project("{FAE04EC0-301F-11D3-BF4B-00C04F79EFBC}") = "MemoryStrategy", "src\ReasoningLayer\MemoryStrategy\MemoryStrategy.csproj", "{A1B2C3D4-0002-0002-0002-000000000002}"
EndProject
Project("{2150E333-8FDC-42A3-9474-1A3956D46DE8}") = "ReasoningLayer", "ReasoningLayer", "{A1B2C3D4-0003-0003-0003-000000000003}"
EndProject
Project("{FAE04EC0-301F-11D3-BF4B-00C04F79EFBC}") = "ReasoningLayer.Tests", "tests\ReasoningLayer.Tests\ReasoningLayer.Tests.csproj", "{A1B2C3D4-0004-0004-0004-000000000004}"
EndProject
Project("{FAE04EC0-301F-11D3-BF4B-00C04F79EFBC}") = "RefactoringAgents", "src\AgencyLayer\RefactoringAgents\RefactoringAgents.csproj", "{C1D2E3F4-5A6B-7C8D-9E0F-A1B2C3D4E5F6}"
EndProject
Project("{FAE04EC0-301F-11D3-BF4B-00C04F79EFBC}") = "RealTime", "src\AgencyLayer\RealTime\RealTime.csproj", "{8A9B0C1D-2E3F-4A5B-6C7D-E8F9A0B1C2D3}"
EndProject
Project("{FAE04EC0-301F-11D3-BF4B-00C04F79EFBC}") = "RealTime.Tests", "tests\AgencyLayer\RealTime\RealTime.Tests.csproj", "{9B0C1D2E-3F4A-5B6C-7D8E-F9A0B1C2D3E4}"
EndProject
Project("{FAE04EC0-301F-11D3-BF4B-00C04F79EFBC}") = "Telemetry", "src\MetacognitiveLayer\Telemetry\Telemetry.csproj", "{6A7B8C9D-0E1F-2A3B-4C5D-E6F7A8B9C0D1}"
EndProject
Project("{FAE04EC0-301F-11D3-BF4B-00C04F79EFBC}") = "Telemetry.Tests", "tests\MetacognitiveLayer\Telemetry\Telemetry.Tests.csproj", "{7B8C9D0E-1F2A-3B4C-5D6E-F7A8B9C0D1E2}"
EndProject
Global
	GlobalSection(SolutionConfigurationPlatforms) = preSolution
		Debug|Any CPU = Debug|Any CPU
		Debug|x64 = Debug|x64
		Debug|x86 = Debug|x86
		Release|Any CPU = Release|Any CPU
		Release|x64 = Release|x64
		Release|x86 = Release|x86
	EndGlobalSection
	GlobalSection(ProjectConfigurationPlatforms) = postSolution
		{E7848A14-8A4B-4A3E-A17C-CD0DD69D3A44}.Debug|Any CPU.ActiveCfg = Debug|Any CPU
		{E7848A14-8A4B-4A3E-A17C-CD0DD69D3A44}.Debug|Any CPU.Build.0 = Debug|Any CPU
		{E7848A14-8A4B-4A3E-A17C-CD0DD69D3A44}.Debug|x64.ActiveCfg = Debug|Any CPU
		{E7848A14-8A4B-4A3E-A17C-CD0DD69D3A44}.Debug|x64.Build.0 = Debug|Any CPU
		{E7848A14-8A4B-4A3E-A17C-CD0DD69D3A44}.Debug|x86.ActiveCfg = Debug|Any CPU
		{E7848A14-8A4B-4A3E-A17C-CD0DD69D3A44}.Debug|x86.Build.0 = Debug|Any CPU
		{E7848A14-8A4B-4A3E-A17C-CD0DD69D3A44}.Release|Any CPU.ActiveCfg = Release|Any CPU
		{E7848A14-8A4B-4A3E-A17C-CD0DD69D3A44}.Release|Any CPU.Build.0 = Release|Any CPU
		{E7848A14-8A4B-4A3E-A17C-CD0DD69D3A44}.Release|x64.ActiveCfg = Release|Any CPU
		{E7848A14-8A4B-4A3E-A17C-CD0DD69D3A44}.Release|x64.Build.0 = Release|Any CPU
		{E7848A14-8A4B-4A3E-A17C-CD0DD69D3A44}.Release|x86.ActiveCfg = Release|Any CPU
		{E7848A14-8A4B-4A3E-A17C-CD0DD69D3A44}.Release|x86.Build.0 = Release|Any CPU
		{28732589-EFAE-418B-B5F6-7AEB4E95A0FA}.Debug|Any CPU.ActiveCfg = Debug|Any CPU
		{28732589-EFAE-418B-B5F6-7AEB4E95A0FA}.Debug|Any CPU.Build.0 = Debug|Any CPU
		{28732589-EFAE-418B-B5F6-7AEB4E95A0FA}.Debug|x64.ActiveCfg = Debug|Any CPU
		{28732589-EFAE-418B-B5F6-7AEB4E95A0FA}.Debug|x64.Build.0 = Debug|Any CPU
		{28732589-EFAE-418B-B5F6-7AEB4E95A0FA}.Debug|x86.ActiveCfg = Debug|Any CPU
		{28732589-EFAE-418B-B5F6-7AEB4E95A0FA}.Debug|x86.Build.0 = Debug|Any CPU
		{28732589-EFAE-418B-B5F6-7AEB4E95A0FA}.Release|Any CPU.ActiveCfg = Release|Any CPU
		{28732589-EFAE-418B-B5F6-7AEB4E95A0FA}.Release|Any CPU.Build.0 = Release|Any CPU
		{28732589-EFAE-418B-B5F6-7AEB4E95A0FA}.Release|x64.ActiveCfg = Release|Any CPU
		{28732589-EFAE-418B-B5F6-7AEB4E95A0FA}.Release|x64.Build.0 = Release|Any CPU
		{28732589-EFAE-418B-B5F6-7AEB4E95A0FA}.Release|x86.ActiveCfg = Release|Any CPU
		{28732589-EFAE-418B-B5F6-7AEB4E95A0FA}.Release|x86.Build.0 = Release|Any CPU
		{CE791E4B-C711-4703-93F6-D5F0C6795554}.Debug|Any CPU.ActiveCfg = Debug|Any CPU
		{CE791E4B-C711-4703-93F6-D5F0C6795554}.Debug|Any CPU.Build.0 = Debug|Any CPU
		{CE791E4B-C711-4703-93F6-D5F0C6795554}.Debug|x64.ActiveCfg = Debug|Any CPU
		{CE791E4B-C711-4703-93F6-D5F0C6795554}.Debug|x64.Build.0 = Debug|Any CPU
		{CE791E4B-C711-4703-93F6-D5F0C6795554}.Debug|x86.ActiveCfg = Debug|Any CPU
		{CE791E4B-C711-4703-93F6-D5F0C6795554}.Debug|x86.Build.0 = Debug|Any CPU
		{CE791E4B-C711-4703-93F6-D5F0C6795554}.Release|Any CPU.ActiveCfg = Release|Any CPU
		{CE791E4B-C711-4703-93F6-D5F0C6795554}.Release|Any CPU.Build.0 = Release|Any CPU
		{CE791E4B-C711-4703-93F6-D5F0C6795554}.Release|x64.ActiveCfg = Release|Any CPU
		{CE791E4B-C711-4703-93F6-D5F0C6795554}.Release|x64.Build.0 = Release|Any CPU
		{CE791E4B-C711-4703-93F6-D5F0C6795554}.Release|x86.ActiveCfg = Release|Any CPU
		{CE791E4B-C711-4703-93F6-D5F0C6795554}.Release|x86.Build.0 = Release|Any CPU
		{E99198C3-E2ED-406C-9D42-03A8DB243CF6}.Debug|Any CPU.ActiveCfg = Debug|Any CPU
		{E99198C3-E2ED-406C-9D42-03A8DB243CF6}.Debug|Any CPU.Build.0 = Debug|Any CPU
		{E99198C3-E2ED-406C-9D42-03A8DB243CF6}.Debug|x64.ActiveCfg = Debug|Any CPU
		{E99198C3-E2ED-406C-9D42-03A8DB243CF6}.Debug|x64.Build.0 = Debug|Any CPU
		{E99198C3-E2ED-406C-9D42-03A8DB243CF6}.Debug|x86.ActiveCfg = Debug|Any CPU
		{E99198C3-E2ED-406C-9D42-03A8DB243CF6}.Debug|x86.Build.0 = Debug|Any CPU
		{E99198C3-E2ED-406C-9D42-03A8DB243CF6}.Release|Any CPU.ActiveCfg = Release|Any CPU
		{E99198C3-E2ED-406C-9D42-03A8DB243CF6}.Release|Any CPU.Build.0 = Release|Any CPU
		{E99198C3-E2ED-406C-9D42-03A8DB243CF6}.Release|x64.ActiveCfg = Release|Any CPU
		{E99198C3-E2ED-406C-9D42-03A8DB243CF6}.Release|x64.Build.0 = Release|Any CPU
		{E99198C3-E2ED-406C-9D42-03A8DB243CF6}.Release|x86.ActiveCfg = Release|Any CPU
		{E99198C3-E2ED-406C-9D42-03A8DB243CF6}.Release|x86.Build.0 = Release|Any CPU
		{C921245D-3807-4B46-BD9D-0072DEC343E8}.Debug|Any CPU.ActiveCfg = Debug|Any CPU
		{C921245D-3807-4B46-BD9D-0072DEC343E8}.Debug|Any CPU.Build.0 = Debug|Any CPU
		{C921245D-3807-4B46-BD9D-0072DEC343E8}.Debug|x64.ActiveCfg = Debug|Any CPU
		{C921245D-3807-4B46-BD9D-0072DEC343E8}.Debug|x64.Build.0 = Debug|Any CPU
		{C921245D-3807-4B46-BD9D-0072DEC343E8}.Debug|x86.ActiveCfg = Debug|Any CPU
		{C921245D-3807-4B46-BD9D-0072DEC343E8}.Debug|x86.Build.0 = Debug|Any CPU
		{C921245D-3807-4B46-BD9D-0072DEC343E8}.Release|Any CPU.ActiveCfg = Release|Any CPU
		{C921245D-3807-4B46-BD9D-0072DEC343E8}.Release|Any CPU.Build.0 = Release|Any CPU
		{C921245D-3807-4B46-BD9D-0072DEC343E8}.Release|x64.ActiveCfg = Release|Any CPU
		{C921245D-3807-4B46-BD9D-0072DEC343E8}.Release|x64.Build.0 = Release|Any CPU
		{C921245D-3807-4B46-BD9D-0072DEC343E8}.Release|x86.ActiveCfg = Release|Any CPU
		{C921245D-3807-4B46-BD9D-0072DEC343E8}.Release|x86.Build.0 = Release|Any CPU
		{FAF348F7-99E7-4C20-A86D-3AC4D18DBCD6}.Debug|Any CPU.ActiveCfg = Debug|Any CPU
		{FAF348F7-99E7-4C20-A86D-3AC4D18DBCD6}.Debug|Any CPU.Build.0 = Debug|Any CPU
		{FAF348F7-99E7-4C20-A86D-3AC4D18DBCD6}.Debug|x64.ActiveCfg = Debug|Any CPU
		{FAF348F7-99E7-4C20-A86D-3AC4D18DBCD6}.Debug|x64.Build.0 = Debug|Any CPU
		{FAF348F7-99E7-4C20-A86D-3AC4D18DBCD6}.Debug|x86.ActiveCfg = Debug|Any CPU
		{FAF348F7-99E7-4C20-A86D-3AC4D18DBCD6}.Debug|x86.Build.0 = Debug|Any CPU
		{FAF348F7-99E7-4C20-A86D-3AC4D18DBCD6}.Release|Any CPU.ActiveCfg = Release|Any CPU
		{FAF348F7-99E7-4C20-A86D-3AC4D18DBCD6}.Release|Any CPU.Build.0 = Release|Any CPU
		{FAF348F7-99E7-4C20-A86D-3AC4D18DBCD6}.Release|x64.ActiveCfg = Release|Any CPU
		{FAF348F7-99E7-4C20-A86D-3AC4D18DBCD6}.Release|x64.Build.0 = Release|Any CPU
		{FAF348F7-99E7-4C20-A86D-3AC4D18DBCD6}.Release|x86.ActiveCfg = Release|Any CPU
		{FAF348F7-99E7-4C20-A86D-3AC4D18DBCD6}.Release|x86.Build.0 = Release|Any CPU
		{A1B2C3D4-E5F6-7890-ABCD-EF0123456789}.Debug|Any CPU.ActiveCfg = Debug|Any CPU
		{A1B2C3D4-E5F6-7890-ABCD-EF0123456789}.Debug|Any CPU.Build.0 = Debug|Any CPU
		{A1B2C3D4-E5F6-7890-ABCD-EF0123456789}.Debug|x64.ActiveCfg = Debug|Any CPU
		{A1B2C3D4-E5F6-7890-ABCD-EF0123456789}.Debug|x64.Build.0 = Debug|Any CPU
		{A1B2C3D4-E5F6-7890-ABCD-EF0123456789}.Debug|x86.ActiveCfg = Debug|Any CPU
		{A1B2C3D4-E5F6-7890-ABCD-EF0123456789}.Debug|x86.Build.0 = Debug|Any CPU
		{A1B2C3D4-E5F6-7890-ABCD-EF0123456789}.Release|Any CPU.ActiveCfg = Release|Any CPU
		{A1B2C3D4-E5F6-7890-ABCD-EF0123456789}.Release|Any CPU.Build.0 = Release|Any CPU
		{A1B2C3D4-E5F6-7890-ABCD-EF0123456789}.Release|x64.ActiveCfg = Release|Any CPU
		{A1B2C3D4-E5F6-7890-ABCD-EF0123456789}.Release|x64.Build.0 = Release|Any CPU
		{A1B2C3D4-E5F6-7890-ABCD-EF0123456789}.Release|x86.ActiveCfg = Release|Any CPU
		{A1B2C3D4-E5F6-7890-ABCD-EF0123456789}.Release|x86.Build.0 = Release|Any CPU
		{B2C3D4E5-F678-9012-ABCD-EF1234567890}.Debug|Any CPU.ActiveCfg = Debug|Any CPU
		{B2C3D4E5-F678-9012-ABCD-EF1234567890}.Debug|Any CPU.Build.0 = Debug|Any CPU
		{B2C3D4E5-F678-9012-ABCD-EF1234567890}.Debug|x64.ActiveCfg = Debug|Any CPU
		{B2C3D4E5-F678-9012-ABCD-EF1234567890}.Debug|x64.Build.0 = Debug|Any CPU
		{B2C3D4E5-F678-9012-ABCD-EF1234567890}.Debug|x86.ActiveCfg = Debug|Any CPU
		{B2C3D4E5-F678-9012-ABCD-EF1234567890}.Debug|x86.Build.0 = Debug|Any CPU
		{B2C3D4E5-F678-9012-ABCD-EF1234567890}.Release|Any CPU.ActiveCfg = Release|Any CPU
		{B2C3D4E5-F678-9012-ABCD-EF1234567890}.Release|Any CPU.Build.0 = Release|Any CPU
		{B2C3D4E5-F678-9012-ABCD-EF1234567890}.Release|x64.ActiveCfg = Release|Any CPU
		{B2C3D4E5-F678-9012-ABCD-EF1234567890}.Release|x64.Build.0 = Release|Any CPU
		{B2C3D4E5-F678-9012-ABCD-EF1234567890}.Release|x86.ActiveCfg = Release|Any CPU
		{B2C3D4E5-F678-9012-ABCD-EF1234567890}.Release|x86.Build.0 = Release|Any CPU
		{1A2B3C4D-5E6F-7A8B-9C0D-E1F2A3B4C5D6}.Debug|Any CPU.ActiveCfg = Debug|Any CPU
		{1A2B3C4D-5E6F-7A8B-9C0D-E1F2A3B4C5D6}.Debug|Any CPU.Build.0 = Debug|Any CPU
		{1A2B3C4D-5E6F-7A8B-9C0D-E1F2A3B4C5D6}.Debug|x64.ActiveCfg = Debug|Any CPU
		{1A2B3C4D-5E6F-7A8B-9C0D-E1F2A3B4C5D6}.Debug|x64.Build.0 = Debug|Any CPU
		{1A2B3C4D-5E6F-7A8B-9C0D-E1F2A3B4C5D6}.Debug|x86.ActiveCfg = Debug|Any CPU
		{1A2B3C4D-5E6F-7A8B-9C0D-E1F2A3B4C5D6}.Debug|x86.Build.0 = Debug|Any CPU
		{1A2B3C4D-5E6F-7A8B-9C0D-E1F2A3B4C5D6}.Release|Any CPU.ActiveCfg = Release|Any CPU
		{1A2B3C4D-5E6F-7A8B-9C0D-E1F2A3B4C5D6}.Release|Any CPU.Build.0 = Release|Any CPU
		{1A2B3C4D-5E6F-7A8B-9C0D-E1F2A3B4C5D6}.Release|x64.ActiveCfg = Release|Any CPU
		{1A2B3C4D-5E6F-7A8B-9C0D-E1F2A3B4C5D6}.Release|x64.Build.0 = Release|Any CPU
		{1A2B3C4D-5E6F-7A8B-9C0D-E1F2A3B4C5D6}.Release|x86.ActiveCfg = Release|Any CPU
		{1A2B3C4D-5E6F-7A8B-9C0D-E1F2A3B4C5D6}.Release|x86.Build.0 = Release|Any CPU
		{2B3C4D5E-6F7A-8B9C-0D1E-F2A3B4C5D6E7}.Debug|Any CPU.ActiveCfg = Debug|Any CPU
		{2B3C4D5E-6F7A-8B9C-0D1E-F2A3B4C5D6E7}.Debug|Any CPU.Build.0 = Debug|Any CPU
		{2B3C4D5E-6F7A-8B9C-0D1E-F2A3B4C5D6E7}.Debug|x64.ActiveCfg = Debug|Any CPU
		{2B3C4D5E-6F7A-8B9C-0D1E-F2A3B4C5D6E7}.Debug|x64.Build.0 = Debug|Any CPU
		{2B3C4D5E-6F7A-8B9C-0D1E-F2A3B4C5D6E7}.Debug|x86.ActiveCfg = Debug|Any CPU
		{2B3C4D5E-6F7A-8B9C-0D1E-F2A3B4C5D6E7}.Debug|x86.Build.0 = Debug|Any CPU
		{2B3C4D5E-6F7A-8B9C-0D1E-F2A3B4C5D6E7}.Release|Any CPU.ActiveCfg = Release|Any CPU
		{2B3C4D5E-6F7A-8B9C-0D1E-F2A3B4C5D6E7}.Release|Any CPU.Build.0 = Release|Any CPU
		{2B3C4D5E-6F7A-8B9C-0D1E-F2A3B4C5D6E7}.Release|x64.ActiveCfg = Release|Any CPU
		{2B3C4D5E-6F7A-8B9C-0D1E-F2A3B4C5D6E7}.Release|x64.Build.0 = Release|Any CPU
		{2B3C4D5E-6F7A-8B9C-0D1E-F2A3B4C5D6E7}.Release|x86.ActiveCfg = Release|Any CPU
		{2B3C4D5E-6F7A-8B9C-0D1E-F2A3B4C5D6E7}.Release|x86.Build.0 = Release|Any CPU
		{4D5E6F7A-8B9C-0D1E-2F3A-B4C5D6E7F8A9}.Debug|Any CPU.ActiveCfg = Debug|Any CPU
		{4D5E6F7A-8B9C-0D1E-2F3A-B4C5D6E7F8A9}.Debug|Any CPU.Build.0 = Debug|Any CPU
		{4D5E6F7A-8B9C-0D1E-2F3A-B4C5D6E7F8A9}.Debug|x64.ActiveCfg = Debug|Any CPU
		{4D5E6F7A-8B9C-0D1E-2F3A-B4C5D6E7F8A9}.Debug|x64.Build.0 = Debug|Any CPU
		{4D5E6F7A-8B9C-0D1E-2F3A-B4C5D6E7F8A9}.Debug|x86.ActiveCfg = Debug|Any CPU
		{4D5E6F7A-8B9C-0D1E-2F3A-B4C5D6E7F8A9}.Debug|x86.Build.0 = Debug|Any CPU
		{4D5E6F7A-8B9C-0D1E-2F3A-B4C5D6E7F8A9}.Release|Any CPU.ActiveCfg = Release|Any CPU
		{4D5E6F7A-8B9C-0D1E-2F3A-B4C5D6E7F8A9}.Release|Any CPU.Build.0 = Release|Any CPU
		{4D5E6F7A-8B9C-0D1E-2F3A-B4C5D6E7F8A9}.Release|x64.ActiveCfg = Release|Any CPU
		{4D5E6F7A-8B9C-0D1E-2F3A-B4C5D6E7F8A9}.Release|x64.Build.0 = Release|Any CPU
		{4D5E6F7A-8B9C-0D1E-2F3A-B4C5D6E7F8A9}.Release|x86.ActiveCfg = Release|Any CPU
		{4D5E6F7A-8B9C-0D1E-2F3A-B4C5D6E7F8A9}.Release|x86.Build.0 = Release|Any CPU
		{5E6F7A8B-9C0D-1E2F-3A4B-C5D6E7F8A9B0}.Debug|Any CPU.ActiveCfg = Debug|Any CPU
		{5E6F7A8B-9C0D-1E2F-3A4B-C5D6E7F8A9B0}.Debug|Any CPU.Build.0 = Debug|Any CPU
		{5E6F7A8B-9C0D-1E2F-3A4B-C5D6E7F8A9B0}.Debug|x64.ActiveCfg = Debug|Any CPU
		{5E6F7A8B-9C0D-1E2F-3A4B-C5D6E7F8A9B0}.Debug|x64.Build.0 = Debug|Any CPU
		{5E6F7A8B-9C0D-1E2F-3A4B-C5D6E7F8A9B0}.Debug|x86.ActiveCfg = Debug|Any CPU
		{5E6F7A8B-9C0D-1E2F-3A4B-C5D6E7F8A9B0}.Debug|x86.Build.0 = Debug|Any CPU
		{5E6F7A8B-9C0D-1E2F-3A4B-C5D6E7F8A9B0}.Release|Any CPU.ActiveCfg = Release|Any CPU
		{5E6F7A8B-9C0D-1E2F-3A4B-C5D6E7F8A9B0}.Release|Any CPU.Build.0 = Release|Any CPU
		{5E6F7A8B-9C0D-1E2F-3A4B-C5D6E7F8A9B0}.Release|x64.ActiveCfg = Release|Any CPU
		{5E6F7A8B-9C0D-1E2F-3A4B-C5D6E7F8A9B0}.Release|x64.Build.0 = Release|Any CPU
		{5E6F7A8B-9C0D-1E2F-3A4B-C5D6E7F8A9B0}.Release|x86.ActiveCfg = Release|Any CPU
		{5E6F7A8B-9C0D-1E2F-3A4B-C5D6E7F8A9B0}.Release|x86.Build.0 = Release|Any CPU
		{A1B2C3D4-0001-0001-0001-000000000001}.Debug|Any CPU.ActiveCfg = Debug|Any CPU
		{A1B2C3D4-0001-0001-0001-000000000001}.Debug|Any CPU.Build.0 = Debug|Any CPU
		{A1B2C3D4-0001-0001-0001-000000000001}.Debug|x64.ActiveCfg = Debug|Any CPU
		{A1B2C3D4-0001-0001-0001-000000000001}.Debug|x64.Build.0 = Debug|Any CPU
		{A1B2C3D4-0001-0001-0001-000000000001}.Debug|x86.ActiveCfg = Debug|Any CPU
		{A1B2C3D4-0001-0001-0001-000000000001}.Debug|x86.Build.0 = Debug|Any CPU
		{A1B2C3D4-0001-0001-0001-000000000001}.Release|Any CPU.ActiveCfg = Release|Any CPU
		{A1B2C3D4-0001-0001-0001-000000000001}.Release|Any CPU.Build.0 = Release|Any CPU
		{A1B2C3D4-0001-0001-0001-000000000001}.Release|x64.ActiveCfg = Release|Any CPU
		{A1B2C3D4-0001-0001-0001-000000000001}.Release|x64.Build.0 = Release|Any CPU
		{A1B2C3D4-0001-0001-0001-000000000001}.Release|x86.ActiveCfg = Release|Any CPU
		{A1B2C3D4-0001-0001-0001-000000000001}.Release|x86.Build.0 = Release|Any CPU
		{A1B2C3D4-0002-0002-0002-000000000002}.Debug|Any CPU.ActiveCfg = Debug|Any CPU
		{A1B2C3D4-0002-0002-0002-000000000002}.Debug|Any CPU.Build.0 = Debug|Any CPU
		{A1B2C3D4-0002-0002-0002-000000000002}.Debug|x64.ActiveCfg = Debug|Any CPU
		{A1B2C3D4-0002-0002-0002-000000000002}.Debug|x64.Build.0 = Debug|Any CPU
		{A1B2C3D4-0002-0002-0002-000000000002}.Debug|x86.ActiveCfg = Debug|Any CPU
		{A1B2C3D4-0002-0002-0002-000000000002}.Debug|x86.Build.0 = Debug|Any CPU
		{A1B2C3D4-0002-0002-0002-000000000002}.Release|Any CPU.ActiveCfg = Release|Any CPU
		{A1B2C3D4-0002-0002-0002-000000000002}.Release|Any CPU.Build.0 = Release|Any CPU
		{A1B2C3D4-0002-0002-0002-000000000002}.Release|x64.ActiveCfg = Release|Any CPU
		{A1B2C3D4-0002-0002-0002-000000000002}.Release|x64.Build.0 = Release|Any CPU
		{A1B2C3D4-0002-0002-0002-000000000002}.Release|x86.ActiveCfg = Release|Any CPU
		{A1B2C3D4-0002-0002-0002-000000000002}.Release|x86.Build.0 = Release|Any CPU
		{A1B2C3D4-0004-0004-0004-000000000004}.Debug|Any CPU.ActiveCfg = Debug|Any CPU
		{A1B2C3D4-0004-0004-0004-000000000004}.Debug|Any CPU.Build.0 = Debug|Any CPU
		{A1B2C3D4-0004-0004-0004-000000000004}.Debug|x64.ActiveCfg = Debug|Any CPU
		{A1B2C3D4-0004-0004-0004-000000000004}.Debug|x64.Build.0 = Debug|Any CPU
		{A1B2C3D4-0004-0004-0004-000000000004}.Debug|x86.ActiveCfg = Debug|Any CPU
		{A1B2C3D4-0004-0004-0004-000000000004}.Debug|x86.Build.0 = Debug|Any CPU
		{A1B2C3D4-0004-0004-0004-000000000004}.Release|Any CPU.ActiveCfg = Release|Any CPU
		{A1B2C3D4-0004-0004-0004-000000000004}.Release|Any CPU.Build.0 = Release|Any CPU
		{A1B2C3D4-0004-0004-0004-000000000004}.Release|x64.ActiveCfg = Release|Any CPU
		{A1B2C3D4-0004-0004-0004-000000000004}.Release|x64.Build.0 = Release|Any CPU
		{A1B2C3D4-0004-0004-0004-000000000004}.Release|x86.ActiveCfg = Release|Any CPU
		{A1B2C3D4-0004-0004-0004-000000000004}.Release|x86.Build.0 = Release|Any CPU
		{6A7B8C9D-0E1F-2A3B-4C5D-E6F7A8B9C0D1}.Debug|Any CPU.ActiveCfg = Debug|Any CPU
		{6A7B8C9D-0E1F-2A3B-4C5D-E6F7A8B9C0D1}.Debug|Any CPU.Build.0 = Debug|Any CPU
		{6A7B8C9D-0E1F-2A3B-4C5D-E6F7A8B9C0D1}.Debug|x64.ActiveCfg = Debug|Any CPU
		{6A7B8C9D-0E1F-2A3B-4C5D-E6F7A8B9C0D1}.Debug|x64.Build.0 = Debug|Any CPU
		{6A7B8C9D-0E1F-2A3B-4C5D-E6F7A8B9C0D1}.Debug|x86.ActiveCfg = Debug|Any CPU
		{6A7B8C9D-0E1F-2A3B-4C5D-E6F7A8B9C0D1}.Debug|x86.Build.0 = Debug|Any CPU
		{6A7B8C9D-0E1F-2A3B-4C5D-E6F7A8B9C0D1}.Release|Any CPU.ActiveCfg = Release|Any CPU
		{6A7B8C9D-0E1F-2A3B-4C5D-E6F7A8B9C0D1}.Release|Any CPU.Build.0 = Release|Any CPU
		{6A7B8C9D-0E1F-2A3B-4C5D-E6F7A8B9C0D1}.Release|x64.ActiveCfg = Release|Any CPU
		{6A7B8C9D-0E1F-2A3B-4C5D-E6F7A8B9C0D1}.Release|x64.Build.0 = Release|Any CPU
		{6A7B8C9D-0E1F-2A3B-4C5D-E6F7A8B9C0D1}.Release|x86.ActiveCfg = Release|Any CPU
		{6A7B8C9D-0E1F-2A3B-4C5D-E6F7A8B9C0D1}.Release|x86.Build.0 = Release|Any CPU
		{7B8C9D0E-1F2A-3B4C-5D6E-F7A8B9C0D1E2}.Debug|Any CPU.ActiveCfg = Debug|Any CPU
		{7B8C9D0E-1F2A-3B4C-5D6E-F7A8B9C0D1E2}.Debug|Any CPU.Build.0 = Debug|Any CPU
		{7B8C9D0E-1F2A-3B4C-5D6E-F7A8B9C0D1E2}.Debug|x64.ActiveCfg = Debug|Any CPU
		{7B8C9D0E-1F2A-3B4C-5D6E-F7A8B9C0D1E2}.Debug|x64.Build.0 = Debug|Any CPU
		{7B8C9D0E-1F2A-3B4C-5D6E-F7A8B9C0D1E2}.Debug|x86.ActiveCfg = Debug|Any CPU
		{7B8C9D0E-1F2A-3B4C-5D6E-F7A8B9C0D1E2}.Debug|x86.Build.0 = Debug|Any CPU
		{7B8C9D0E-1F2A-3B4C-5D6E-F7A8B9C0D1E2}.Release|Any CPU.ActiveCfg = Release|Any CPU
		{7B8C9D0E-1F2A-3B4C-5D6E-F7A8B9C0D1E2}.Release|Any CPU.Build.0 = Release|Any CPU
		{7B8C9D0E-1F2A-3B4C-5D6E-F7A8B9C0D1E2}.Release|x64.ActiveCfg = Release|Any CPU
		{7B8C9D0E-1F2A-3B4C-5D6E-F7A8B9C0D1E2}.Release|x64.Build.0 = Release|Any CPU
		{7B8C9D0E-1F2A-3B4C-5D6E-F7A8B9C0D1E2}.Release|x86.ActiveCfg = Release|Any CPU
		{7B8C9D0E-1F2A-3B4C-5D6E-F7A8B9C0D1E2}.Release|x86.Build.0 = Release|Any CPU
		{C1D2E3F4-5A6B-7C8D-9E0F-A1B2C3D4E5F6}.Debug|Any CPU.ActiveCfg = Debug|Any CPU
		{C1D2E3F4-5A6B-7C8D-9E0F-A1B2C3D4E5F6}.Debug|Any CPU.Build.0 = Debug|Any CPU
		{C1D2E3F4-5A6B-7C8D-9E0F-A1B2C3D4E5F6}.Debug|x64.ActiveCfg = Debug|Any CPU
		{C1D2E3F4-5A6B-7C8D-9E0F-A1B2C3D4E5F6}.Debug|x64.Build.0 = Debug|Any CPU
		{C1D2E3F4-5A6B-7C8D-9E0F-A1B2C3D4E5F6}.Debug|x86.ActiveCfg = Debug|Any CPU
		{C1D2E3F4-5A6B-7C8D-9E0F-A1B2C3D4E5F6}.Debug|x86.Build.0 = Debug|Any CPU
		{C1D2E3F4-5A6B-7C8D-9E0F-A1B2C3D4E5F6}.Release|Any CPU.ActiveCfg = Release|Any CPU
		{C1D2E3F4-5A6B-7C8D-9E0F-A1B2C3D4E5F6}.Release|Any CPU.Build.0 = Release|Any CPU
		{C1D2E3F4-5A6B-7C8D-9E0F-A1B2C3D4E5F6}.Release|x64.ActiveCfg = Release|Any CPU
		{C1D2E3F4-5A6B-7C8D-9E0F-A1B2C3D4E5F6}.Release|x64.Build.0 = Release|Any CPU
		{C1D2E3F4-5A6B-7C8D-9E0F-A1B2C3D4E5F6}.Release|x86.ActiveCfg = Release|Any CPU
		{C1D2E3F4-5A6B-7C8D-9E0F-A1B2C3D4E5F6}.Release|x86.Build.0 = Release|Any CPU
		{8A9B0C1D-2E3F-4A5B-6C7D-E8F9A0B1C2D3}.Debug|Any CPU.ActiveCfg = Debug|Any CPU
		{8A9B0C1D-2E3F-4A5B-6C7D-E8F9A0B1C2D3}.Debug|Any CPU.Build.0 = Debug|Any CPU
		{8A9B0C1D-2E3F-4A5B-6C7D-E8F9A0B1C2D3}.Debug|x64.ActiveCfg = Debug|Any CPU
		{8A9B0C1D-2E3F-4A5B-6C7D-E8F9A0B1C2D3}.Debug|x64.Build.0 = Debug|Any CPU
		{8A9B0C1D-2E3F-4A5B-6C7D-E8F9A0B1C2D3}.Debug|x86.ActiveCfg = Debug|Any CPU
		{8A9B0C1D-2E3F-4A5B-6C7D-E8F9A0B1C2D3}.Debug|x86.Build.0 = Debug|Any CPU
		{8A9B0C1D-2E3F-4A5B-6C7D-E8F9A0B1C2D3}.Release|Any CPU.ActiveCfg = Release|Any CPU
		{8A9B0C1D-2E3F-4A5B-6C7D-E8F9A0B1C2D3}.Release|Any CPU.Build.0 = Release|Any CPU
		{8A9B0C1D-2E3F-4A5B-6C7D-E8F9A0B1C2D3}.Release|x64.ActiveCfg = Release|Any CPU
		{8A9B0C1D-2E3F-4A5B-6C7D-E8F9A0B1C2D3}.Release|x64.Build.0 = Release|Any CPU
		{8A9B0C1D-2E3F-4A5B-6C7D-E8F9A0B1C2D3}.Release|x86.ActiveCfg = Release|Any CPU
		{8A9B0C1D-2E3F-4A5B-6C7D-E8F9A0B1C2D3}.Release|x86.Build.0 = Release|Any CPU
		{9B0C1D2E-3F4A-5B6C-7D8E-F9A0B1C2D3E4}.Debug|Any CPU.ActiveCfg = Debug|Any CPU
		{9B0C1D2E-3F4A-5B6C-7D8E-F9A0B1C2D3E4}.Debug|Any CPU.Build.0 = Debug|Any CPU
		{9B0C1D2E-3F4A-5B6C-7D8E-F9A0B1C2D3E4}.Debug|x64.ActiveCfg = Debug|Any CPU
		{9B0C1D2E-3F4A-5B6C-7D8E-F9A0B1C2D3E4}.Debug|x64.Build.0 = Debug|Any CPU
		{9B0C1D2E-3F4A-5B6C-7D8E-F9A0B1C2D3E4}.Debug|x86.ActiveCfg = Debug|Any CPU
		{9B0C1D2E-3F4A-5B6C-7D8E-F9A0B1C2D3E4}.Debug|x86.Build.0 = Debug|Any CPU
		{9B0C1D2E-3F4A-5B6C-7D8E-F9A0B1C2D3E4}.Release|Any CPU.ActiveCfg = Release|Any CPU
		{9B0C1D2E-3F4A-5B6C-7D8E-F9A0B1C2D3E4}.Release|Any CPU.Build.0 = Release|Any CPU
		{9B0C1D2E-3F4A-5B6C-7D8E-F9A0B1C2D3E4}.Release|x64.ActiveCfg = Release|Any CPU
		{9B0C1D2E-3F4A-5B6C-7D8E-F9A0B1C2D3E4}.Release|x64.Build.0 = Release|Any CPU
		{9B0C1D2E-3F4A-5B6C-7D8E-F9A0B1C2D3E4}.Release|x86.ActiveCfg = Release|Any CPU
		{9B0C1D2E-3F4A-5B6C-7D8E-F9A0B1C2D3E4}.Release|x86.Build.0 = Release|Any CPU
	EndGlobalSection
	GlobalSection(SolutionProperties) = preSolution
		HideSolutionNode = FALSE
	EndGlobalSection
	GlobalSection(NestedProjects) = preSolution
		{E7848A14-8A4B-4A3E-A17C-CD0DD69D3A44} = {DDB468F9-AACD-4EAF-9EBB-8DB0972963EB}
		{28732589-EFAE-418B-B5F6-7AEB4E95A0FA} = {DDB468F9-AACD-4EAF-9EBB-8DB0972963EB}
		{CE791E4B-C711-4703-93F6-D5F0C6795554} = {DDB468F9-AACD-4EAF-9EBB-8DB0972963EB}
		{E99198C3-E2ED-406C-9D42-03A8DB243CF6} = {DDB468F9-AACD-4EAF-9EBB-8DB0972963EB}
		{C921245D-3807-4B46-BD9D-0072DEC343E8} = {DDB468F9-AACD-4EAF-9EBB-8DB0972963EB}
		{D54F1422-0CB8-7E5F-F9CC-49C88523FCD1} = {0AB3BF05-4346-4AA6-1389-037BE0695223}
		{FAF348F7-99E7-4C20-A86D-3AC4D18DBCD6} = {D54F1422-0CB8-7E5F-F9CC-49C88523FCD1}
		{A1B2C3D4-E5F6-7890-ABCD-EF0123456789} = {D54F1422-0CB8-7E5F-F9CC-49C88523FCD1}
		{B2C3D4E5-F678-9012-ABCD-EF1234567890} = {0AB3BF05-4346-4AA6-1389-037BE0695223}
		{1A2B3C4D-5E6F-7A8B-9C0D-E1F2A3B4C5D6} = {DDB468F9-AACD-4EAF-9EBB-8DB0972963EB}
		{2B3C4D5E-6F7A-8B9C-0D1E-F2A3B4C5D6E7} = {DDB468F9-AACD-4EAF-9EBB-8DB0972963EB}
		{3C4D5E6F-7A8B-9C0D-1E2F-A3B4C5D6E7F8} = {0AB3BF05-4346-4AA6-1389-037BE0695223}
		{4D5E6F7A-8B9C-0D1E-2F3A-B4C5D6E7F8A9} = {3C4D5E6F-7A8B-9C0D-1E2F-A3B4C5D6E7F8}
		{5E6F7A8B-9C0D-1E2F-3A4B-C5D6E7F8A9B0} = {3C4D5E6F-7A8B-9C0D-1E2F-A3B4C5D6E7F8}
		{A1B2C3D4-0001-0001-0001-000000000001} = {DDB468F9-AACD-4EAF-9EBB-8DB0972963EB}
		{A1B2C3D4-0002-0002-0002-000000000002} = {DDB468F9-AACD-4EAF-9EBB-8DB0972963EB}
		{A1B2C3D4-0003-0003-0003-000000000003} = {0AB3BF05-4346-4AA6-1389-037BE0695223}
		{A1B2C3D4-0004-0004-0004-000000000004} = {A1B2C3D4-0003-0003-0003-000000000003}
		{6A7B8C9D-0E1F-2A3B-4C5D-E6F7A8B9C0D1} = {DDB468F9-AACD-4EAF-9EBB-8DB0972963EB}
		{7B8C9D0E-1F2A-3B4C-5D6E-F7A8B9C0D1E2} = {D54F1422-0CB8-7E5F-F9CC-49C88523FCD1}
		{C1D2E3F4-5A6B-7C8D-9E0F-A1B2C3D4E5F6} = {DDB468F9-AACD-4EAF-9EBB-8DB0972963EB}
		{8A9B0C1D-2E3F-4A5B-6C7D-E8F9A0B1C2D3} = {DDB468F9-AACD-4EAF-9EBB-8DB0972963EB}
		{9B0C1D2E-3F4A-5B6C-7D8E-F9A0B1C2D3E4} = {3C4D5E6F-7A8B-9C0D-1E2F-A3B4C5D6E7F8}
	EndGlobalSection
EndGlobal
