Microsoft Visual Studio Solution File, Format Version 12.00
# Visual Studio Version 17
VisualStudioVersion = 17.8.0.0
MinimumVisualStudioVersion = 10.0.40219.1
Project("{2150E333-8FDC-42A3-9474-1A3956D46DE8}") = "src", "src", "{D8E6E178-F3D4-4E1C-B38A-5C6B6D0F435A}"
EndProject
Project("{2150E333-8FDC-42A3-9474-1A3956D46DE8}") = "tests", "tests", "{F7B0A3B8-E7C9-4E0D-AD5E-89C2A54C0F0E}"
EndProject
Project("{2150E333-8FDC-42A3-9474-1A3956D46DE8}") = "FoundationLayer", "FoundationLayer", "{A1D563B2-E491-4897-9C5E-659A311B1FAA}"
EndProject
Project("{2150E333-8FDC-42A3-9474-1A3956D46DE8}") = "ReasoningLayer", "ReasoningLayer", "{B2D7D3C1-E45F-4E9D-8F3A-8B5C3F1E72AA}"
EndProject
Project("{2150E333-8FDC-42A3-9474-1A3956D46DE8}") = "MetacognitiveLayer", "MetacognitiveLayer", "{C3E8D3D0-F4A0-4E8C-B7B2-9C7F3E7C8B99}"
EndProject
Project("{2150E333-8FDC-42A3-9474-1A3956D46DE8}") = "AgencyLayer", "AgencyLayer", "{D4F9D2D9-0E3B-4F7B-8D1E-8F1E7B8C7B8A}"
EndProject
Project("{2150E333-8FDC-42A3-9474-1A3956D46DE8}") = "BusinessApplications", "BusinessApplications", "{E5E0D5D8-C3F1-4F7A-B1E1-9F1E7B7C7B7A}"
EndProject
Project("{FAE04EC0-301F-11D3-BF4B-00C04F79EFBC}") = "FoundationLayer", "src\FoundationLayer\FoundationLayer.csproj", "{F0D1D2D3-E4F1-4F7C-B1E0-9F1E7B7C7B7B}"
EndProject
Project("{FAE04EC0-301F-11D3-BF4B-00C04F79EFBC}") = "AzureBlobStorage", "src\FoundationLayer\AzureBlobStorage\AzureBlobStorage.csproj", "{A1B2C3D4-E5F6-4A7B-8C9D-0E1F2A3B4C5D}"
EndProject
Project("{FAE04EC0-301F-11D3-BF4B-00C04F79EFBC}") = "AzureCosmosDB", "src\FoundationLayer\AzureCosmosDB\AzureCosmosDB.csproj", "{B2C3D4E5-F6A7-4B8C-9D0E-1F2A3B4C5D6E}"
EndProject
Project("{FAE04EC0-301F-11D3-BF4B-00C04F79EFBC}") = "DocumentProcessing", "src\FoundationLayer\DocumentProcessing\DocumentProcessing.csproj", "{C3D4E5F6-A7B8-4C9D-0E1F-2A3B4C5D6E7F}"
EndProject
Project("{FAE04EC0-301F-11D3-BF4B-00C04F79EFBC}") = "EnterpriseConnectors", "src\FoundationLayer\EnterpriseConnectors\EnterpriseConnectors.csproj", "{D4E5F6A7-B8C9-4D0E-1F2A-3B4C5D6E7F8A}"
EndProject
Project("{FAE04EC0-301F-11D3-BF4B-00C04F79EFBC}") = "KnowledgeGraph", "src\FoundationLayer\KnowledgeGraph\KnowledgeGraph.csproj", "{E5F6A7B8-C9D0-4E1F-2A3B-4C5D6E7F8A9B}"
EndProject
Project("{FAE04EC0-301F-11D3-BF4B-00C04F79EFBC}") = "OneLakeIntegration", "src\FoundationLayer\OneLakeIntegration\OneLakeIntegration.csproj", "{F6A7B8C9-D0E1-4F2A-3B4C-5D6E7F8A9B0C}"
EndProject
Project("{FAE04EC0-301F-11D3-BF4B-00C04F79EFBC}") = "SemanticSearch", "src\FoundationLayer\SemanticSearch\SemanticSearch.csproj", "{A7B8C9D0-E1F2-4A3B-4C5D-6E7F8A9B0C1D}"
EndProject
Project("{FAE04EC0-301F-11D3-BF4B-00C04F79EFBC}") = "VectorDatabase", "src\FoundationLayer\VectorDatabase\VectorDatabase.csproj", "{B8C9D0E1-F2A3-4B4C-5D6E-7F8A9B0C1D2E}"
EndProject
Project("{FAE04EC0-301F-11D3-BF4B-00C04F79EFBC}") = "ReasoningLayer", "src\ReasoningLayer\ReasoningLayer.csproj", "{C9D0E1F2-A3B4-4C5D-6E7F-8A9B0C1D2E3F}"
EndProject
Project("{FAE04EC0-301F-11D3-BF4B-00C04F79EFBC}") = "AnalyticalReasoning", "src\ReasoningLayer\AnalyticalReasoning\AnalyticalReasoning.csproj", "{D0E1F2A3-B4C5-4D6E-7F8A-9B0C1D2E3F4A}"
EndProject
Project("{FAE04EC0-301F-11D3-BF4B-00C04F79EFBC}") = "CreativeReasoning", "src\ReasoningLayer\CreativeReasoning\CreativeReasoning.csproj", "{E1F2A3B4-C5D6-4E7F-8A9B-0C1D2E3F4A5B}"
EndProject
Project("{FAE04EC0-301F-11D3-BF4B-00C04F79EFBC}") = "CriticalReasoning", "src\ReasoningLayer\CriticalReasoning\CriticalReasoning.csproj", "{F2A3B4C5-D6E7-4F8A-9B0C-1D2E3F4A5B6C}"
EndProject
Project("{FAE04EC0-301F-11D3-BF4B-00C04F79EFBC}") = "DomainSpecificReasoning", "src\ReasoningLayer\DomainSpecificReasoning\DomainSpecificReasoning.csproj", "{A3B4C5D6-E7F8-4A9B-0C1D-2E3F4A5B6C7D}"
EndProject
Project("{FAE04EC0-301F-11D3-BF4B-00C04F79EFBC}") = "EthicalReasoning", "src\ReasoningLayer\EthicalReasoning\EthicalReasoning.csproj", "{B4C5D6E7-F8A9-4B0C-1D2E-3F4A5B6C7D8E}"
EndProject
Project("{FAE04EC0-301F-11D3-BF4B-00C04F79EFBC}") = "SystemsReasoning", "src\ReasoningLayer\SystemsReasoning\SystemsReasoning.csproj", "{C5D6E7F8-A9B0-4C1D-2E3F-4A5B6C7D8E9F}"
EndProject
Project("{FAE04EC0-301F-11D3-BF4B-00C04F79EFBC}") = "MetacognitiveLayer", "src\MetacognitiveLayer\MetacognitiveLayer.csproj", "{D6E7F8A9-B0C1-4D2E-3F4A-5B6C7D8E9F0A}"
EndProject
Project("{FAE04EC0-301F-11D3-BF4B-00C04F79EFBC}") = "ContinuousLearning", "src\MetacognitiveLayer\ContinuousLearning\ContinuousLearning.csproj", "{E7F8A9B0-C1D2-4E3F-4A5B-6C7D8E9F0A1B}"
EndProject
Project("{FAE04EC0-301F-11D3-BF4B-00C04F79EFBC}") = "PerformanceMonitoring", "src\MetacognitiveLayer\PerformanceMonitoring\PerformanceMonitoring.csproj", "{F8A9B0C1-D2E3-4F4A-5B6C-7D8E9F0A1B2C}"
EndProject
Project("{FAE04EC0-301F-11D3-BF4B-00C04F79EFBC}") = "Protocols", "src\MetacognitiveLayer\Protocols\Protocols.csproj", "{A9B0C1D2-E3F4-4A5B-6C7D-8E9F0A1B2C3D}"
EndProject
Project("{FAE04EC0-301F-11D3-BF4B-00C04F79EFBC}") = "ReasoningTransparency", "src\MetacognitiveLayer\ReasoningTransparency\ReasoningTransparency.csproj", "{B0C1D2E3-F4A5-4B6C-7D8E-9F0A1B2C3D4E}"
EndProject
Project("{FAE04EC0-301F-11D3-BF4B-00C04F79EFBC}") = "SelfEvaluation", "src\MetacognitiveLayer\SelfEvaluation\SelfEvaluation.csproj", "{C1D2E3F4-A5B6-4C7D-8E9F-0A1B2C3D4E5F}"
EndProject
Project("{FAE04EC0-301F-11D3-BF4B-00C04F79EFBC}") = "UncertaintyQuantification", "src\MetacognitiveLayer\UncertaintyQuantification\UncertaintyQuantification.csproj", "{D2E3F4A5-B6C7-4D8E-9F0A-1B2C3D4E5F6A}"
EndProject
Project("{FAE04EC0-301F-11D3-BF4B-00C04F79EFBC}") = "AgencyLayer", "src\AgencyLayer\AgencyLayer.csproj", "{E3F4A5B6-C7D8-4E9F-0A1B-2C3D4E5F6A7B}"
EndProject
Project("{FAE04EC0-301F-11D3-BF4B-00C04F79EFBC}") = "ActionPlanning", "src\AgencyLayer\ActionPlanning\ActionPlanning.csproj", "{F4A5B6C7-D8E9-4F0A-1B2C-3D4E5F6A7B8C}"
EndProject
Project("{FAE04EC0-301F-11D3-BF4B-00C04F79EFBC}") = "DecisionExecution", "src\AgencyLayer\DecisionExecution\DecisionExecution.csproj", "{A5B6C7D8-E9F0-4A1B-2C3D-4E5F6A7B8C9D}"
EndProject
Project("{FAE04EC0-301F-11D3-BF4B-00C04F79EFBC}") = "HumanCollaboration", "src\AgencyLayer\HumanCollaboration\HumanCollaboration.csproj", "{B6C7D8E9-F0A1-4B2C-3D4E-5F6A7B8C9D0E}"
EndProject
Project("{FAE04EC0-301F-11D3-BF4B-00C04F79EFBC}") = "ToolIntegration", "src\AgencyLayer\ToolIntegration\ToolIntegration.csproj", "{C7D8E9F0-A1B2-4C3D-4E5F-6A7B8C9D0E1F}"
EndProject
Project("{FAE04EC0-301F-11D3-BF4B-00C04F79EFBC}") = "BusinessApplications", "src\BusinessApplications\BusinessApplications.csproj", "{D8E9F0A1-B2C3-4D4E-5F6A-7B8C9D0E1F2A}"
EndProject
Project("{FAE04EC0-301F-11D3-BF4B-00C04F79EFBC}") = "CustomerIntelligence", "src\BusinessApplications\CustomerIntelligence\CustomerIntelligence.csproj", "{E9F0A1B2-C3D4-4E5F-6A7B-8C9D0E1F2A3B}"
EndProject
Project("{FAE04EC0-301F-11D3-BF4B-00C04F79EFBC}") = "DecisionSupport", "src\BusinessApplications\DecisionSupport\DecisionSupport.csproj", "{F0A1B2C3-D4E5-4F6A-7B8C-9D0E1F2A3B4C}"
EndProject
Project("{FAE04EC0-301F-11D3-BF4B-00C04F79EFBC}") = "KnowledgeManagement", "src\BusinessApplications\KnowledgeManagement\KnowledgeManagement.csproj", "{A1B2C3D4-E5F6-4A7B-8C9D-0E1F2A3B4C5D}"
EndProject
Project("{FAE04EC0-301F-11D3-BF4B-00C04F79EFBC}") = "BusinessProcessAutomation", "src\BusinessApplications\ProcessAutomation\BusinessProcessAutomation.csproj", "{B2C3D4E5-F6A7-4B8C-9D0E-1F2A3B4C5D6E}"
EndProject
Project("{FAE04EC0-301F-11D3-BF4B-00C04F79EFBC}") = "ResearchAnalysis", "src\BusinessApplications\ResearchAnalysis\ResearchAnalysis.csproj", "{C3D4E5F6-A7B8-4C9D-0E1F-2A3B4C5D6E7F}"
EndProject
Project("{FAE04EC0-301F-11D3-BF4B-00C04F79EFBC}") = "MeshSimRuntime", "src\MeshSimRuntime\MeshSimRuntime.csproj", "{D4E5F6A7-B8C9-4D0E-1F2A-3B4C5D6E7F8A}"
EndProject
Project("{FAE04EC0-301F-11D3-BF4B-00C04F79EFBC}") = "ToolIntegrationTests", "tests\AgencyLayer\ToolIntegration\ToolIntegrationTests.csproj", "{E5F6A7B8-C9D0-4E1F-2A3B-4C5D6E7F8A9B}"
EndProject
Project("{2150E333-8FDC-42A3-9474-1A3956D46DE8}") = "FoundationLayer", "FoundationLayer", "{AD61C974-5FA1-48A6-A0D2-BB9764B0F35B}"
EndProject
Project("{2150E333-8FDC-42A3-9474-1A3956D46DE8}") = "Security", "Security", "{C5A016BF-7478-4653-8449-F2C65E5EEFDC}"
EndProject
Project("{FAE04EC0-301F-11D3-BF4B-00C04F79EFBC}") = "Security.Policy.Engine.Tests", "tests\FoundationLayer\Security\Engines.Tests\Security.Policy.Engine.Tests.csproj", "{1C6C1225-9BCE-4B6D-8C99-FE4D5164C5CB}"
EndProject
Global
	GlobalSection(SolutionConfigurationPlatforms) = preSolution
		Debug|Any CPU = Debug|Any CPU
		Release|Any CPU = Release|Any CPU
	EndGlobalSection
	GlobalSection(ProjectConfigurationPlatforms) = postSolution
		{F0D1D2D3-E4F1-4F7C-B1E0-9F1E7B7C7B7B}.Debug|Any CPU.ActiveCfg = Debug|Any CPU
		{F0D1D2D3-E4F1-4F7C-B1E0-9F1E7B7C7B7B}.Debug|Any CPU.Build.0 = Debug|Any CPU
		{F0D1D2D3-E4F1-4F7C-B1E0-9F1E7B7C7B7B}.Release|Any CPU.ActiveCfg = Release|Any CPU
		{F0D1D2D3-E4F1-4F7C-B1E0-9F1E7B7C7B7B}.Release|Any CPU.Build.0 = Release|Any CPU
		{A1B2C3D4-E5F6-4A7B-8C9D-0E1F2A3B4C5D}.Debug|Any CPU.ActiveCfg = Debug|Any CPU
		{A1B2C3D4-E5F6-4A7B-8C9D-0E1F2A3B4C5D}.Debug|Any CPU.Build.0 = Debug|Any CPU
		{A1B2C3D4-E5F6-4A7B-8C9D-0E1F2A3B4C5D}.Release|Any CPU.ActiveCfg = Release|Any CPU
		{A1B2C3D4-E5F6-4A7B-8C9D-0E1F2A3B4C5D}.Release|Any CPU.Build.0 = Release|Any CPU
		{B2C3D4E5-F6A7-4B8C-9D0E-1F2A3B4C5D6E}.Debug|Any CPU.ActiveCfg = Debug|Any CPU
		{B2C3D4E5-F6A7-4B8C-9D0E-1F2A3B4C5D6E}.Debug|Any CPU.Build.0 = Debug|Any CPU
		{B2C3D4E5-F6A7-4B8C-9D0E-1F2A3B4C5D6E}.Release|Any CPU.ActiveCfg = Release|Any CPU
		{B2C3D4E5-F6A7-4B8C-9D0E-1F2A3B4C5D6E}.Release|Any CPU.Build.0 = Release|Any CPU
		{C3D4E5F6-A7B8-4C9D-0E1F-2A3B4C5D6E7F}.Debug|Any CPU.ActiveCfg = Debug|Any CPU
		{C3D4E5F6-A7B8-4C9D-0E1F-2A3B4C5D6E7F}.Debug|Any CPU.Build.0 = Debug|Any CPU
		{C3D4E5F6-A7B8-4C9D-0E1F-2A3B4C5D6E7F}.Release|Any CPU.ActiveCfg = Release|Any CPU
		{C3D4E5F6-A7B8-4C9D-0E1F-2A3B4C5D6E7F}.Release|Any CPU.Build.0 = Release|Any CPU
		{D4E5F6A7-B8C9-4D0E-1F2A-3B4C5D6E7F8A}.Debug|Any CPU.ActiveCfg = Debug|Any CPU
		{D4E5F6A7-B8C9-4D0E-1F2A-3B4C5D6E7F8A}.Debug|Any CPU.Build.0 = Debug|Any CPU
		{D4E5F6A7-B8C9-4D0E-1F2A-3B4C5D6E7F8A}.Release|Any CPU.ActiveCfg = Release|Any CPU
		{D4E5F6A7-B8C9-4D0E-1F2A-3B4C5D6E7F8A}.Release|Any CPU.Build.0 = Release|Any CPU
		{E5F6A7B8-C9D0-4E1F-2A3B-4C5D6E7F8A9B}.Debug|Any CPU.ActiveCfg = Debug|Any CPU
		{E5F6A7B8-C9D0-4E1F-2A3B-4C5D6E7F8A9B}.Debug|Any CPU.Build.0 = Debug|Any CPU
		{E5F6A7B8-C9D0-4E1F-2A3B-4C5D6E7F8A9B}.Release|Any CPU.ActiveCfg = Release|Any CPU
		{E5F6A7B8-C9D0-4E1F-2A3B-4C5D6E7F8A9B}.Release|Any CPU.Build.0 = Release|Any CPU
		{F6A7B8C9-D0E1-4F2A-3B4C-5D6E7F8A9B0C}.Debug|Any CPU.ActiveCfg = Debug|Any CPU
		{F6A7B8C9-D0E1-4F2A-3B4C-5D6E7F8A9B0C}.Debug|Any CPU.Build.0 = Debug|Any CPU
		{F6A7B8C9-D0E1-4F2A-3B4C-5D6E7F8A9B0C}.Release|Any CPU.ActiveCfg = Release|Any CPU
		{F6A7B8C9-D0E1-4F2A-3B4C-5D6E7F8A9B0C}.Release|Any CPU.Build.0 = Release|Any CPU
		{A7B8C9D0-E1F2-4A3B-4C5D-6E7F8A9B0C1D}.Debug|Any CPU.ActiveCfg = Debug|Any CPU
		{A7B8C9D0-E1F2-4A3B-4C5D-6E7F8A9B0C1D}.Debug|Any CPU.Build.0 = Debug|Any CPU
		{A7B8C9D0-E1F2-4A3B-4C5D-6E7F8A9B0C1D}.Release|Any CPU.ActiveCfg = Release|Any CPU
		{A7B8C9D0-E1F2-4A3B-4C5D-6E7F8A9B0C1D}.Release|Any CPU.Build.0 = Release|Any CPU
		{B8C9D0E1-F2A3-4B4C-5D6E-7F8A9B0C1D2E}.Debug|Any CPU.ActiveCfg = Debug|Any CPU
		{B8C9D0E1-F2A3-4B4C-5D6E-7F8A9B0C1D2E}.Debug|Any CPU.Build.0 = Debug|Any CPU
		{B8C9D0E1-F2A3-4B4C-5D6E-7F8A9B0C1D2E}.Release|Any CPU.ActiveCfg = Release|Any CPU
		{B8C9D0E1-F2A3-4B4C-5D6E-7F8A9B0C1D2E}.Release|Any CPU.Build.0 = Release|Any CPU
		{C9D0E1F2-A3B4-4C5D-6E7F-8A9B0C1D2E3F}.Debug|Any CPU.ActiveCfg = Debug|Any CPU
		{C9D0E1F2-A3B4-4C5D-6E7F-8A9B0C1D2E3F}.Debug|Any CPU.Build.0 = Debug|Any CPU
		{C9D0E1F2-A3B4-4C5D-6E7F-8A9B0C1D2E3F}.Release|Any CPU.ActiveCfg = Release|Any CPU
		{C9D0E1F2-A3B4-4C5D-6E7F-8A9B0C1D2E3F}.Release|Any CPU.Build.0 = Release|Any CPU
		{D0E1F2A3-B4C5-4D6E-7F8A-9B0C1D2E3F4A}.Debug|Any CPU.ActiveCfg = Debug|Any CPU
		{D0E1F2A3-B4C5-4D6E-7F8A-9B0C1D2E3F4A}.Debug|Any CPU.Build.0 = Debug|Any CPU
		{D0E1F2A3-B4C5-4D6E-7F8A-9B0C1D2E3F4A}.Release|Any CPU.ActiveCfg = Release|Any CPU
		{D0E1F2A3-B4C5-4D6E-7F8A-9B0C1D2E3F4A}.Release|Any CPU.Build.0 = Release|Any CPU
		{E1F2A3B4-C5D6-4E7F-8A9B-0C1D2E3F4A5B}.Debug|Any CPU.ActiveCfg = Debug|Any CPU
		{E1F2A3B4-C5D6-4E7F-8A9B-0C1D2E3F4A5B}.Debug|Any CPU.Build.0 = Debug|Any CPU
		{E1F2A3B4-C5D6-4E7F-8A9B-0C1D2E3F4A5B}.Release|Any CPU.ActiveCfg = Release|Any CPU
		{E1F2A3B4-C5D6-4E7F-8A9B-0C1D2E3F4A5B}.Release|Any CPU.Build.0 = Release|Any CPU
		{F2A3B4C5-D6E7-4F8A-9B0C-1D2E3F4A5B6C}.Debug|Any CPU.ActiveCfg = Debug|Any CPU
		{F2A3B4C5-D6E7-4F8A-9B0C-1D2E3F4A5B6C}.Debug|Any CPU.Build.0 = Debug|Any CPU
		{F2A3B4C5-D6E7-4F8A-9B0C-1D2E3F4A5B6C}.Release|Any CPU.ActiveCfg = Release|Any CPU
		{F2A3B4C5-D6E7-4F8A-9B0C-1D2E3F4A5B6C}.Release|Any CPU.Build.0 = Release|Any CPU
		{A3B4C5D6-E7F8-4A9B-0C1D-2E3F4A5B6C7D}.Debug|Any CPU.ActiveCfg = Debug|Any CPU
		{A3B4C5D6-E7F8-4A9B-0C1D-2E3F4A5B6C7D}.Debug|Any CPU.Build.0 = Debug|Any CPU
		{A3B4C5D6-E7F8-4A9B-0C1D-2E3F4A5B6C7D}.Release|Any CPU.ActiveCfg = Release|Any CPU
		{A3B4C5D6-E7F8-4A9B-0C1D-2E3F4A5B6C7D}.Release|Any CPU.Build.0 = Release|Any CPU
		{B4C5D6E7-F8A9-4B0C-1D2E-3F4A5B6C7D8E}.Debug|Any CPU.ActiveCfg = Debug|Any CPU
		{B4C5D6E7-F8A9-4B0C-1D2E-3F4A5B6C7D8E}.Debug|Any CPU.Build.0 = Debug|Any CPU
		{B4C5D6E7-F8A9-4B0C-1D2E-3F4A5B6C7D8E}.Release|Any CPU.ActiveCfg = Release|Any CPU
		{B4C5D6E7-F8A9-4B0C-1D2E-3F4A5B6C7D8E}.Release|Any CPU.Build.0 = Release|Any CPU
		{C5D6E7F8-A9B0-4C1D-2E3F-4A5B6C7D8E9F}.Debug|Any CPU.ActiveCfg = Debug|Any CPU
		{C5D6E7F8-A9B0-4C1D-2E3F-4A5B6C7D8E9F}.Debug|Any CPU.Build.0 = Debug|Any CPU
		{C5D6E7F8-A9B0-4C1D-2E3F-4A5B6C7D8E9F}.Release|Any CPU.ActiveCfg = Release|Any CPU
		{C5D6E7F8-A9B0-4C1D-2E3F-4A5B6C7D8E9F}.Release|Any CPU.Build.0 = Release|Any CPU
		{D6E7F8A9-B0C1-4D2E-3F4A-5B6C7D8E9F0A}.Debug|Any CPU.ActiveCfg = Debug|Any CPU
		{D6E7F8A9-B0C1-4D2E-3F4A-5B6C7D8E9F0A}.Debug|Any CPU.Build.0 = Debug|Any CPU
		{D6E7F8A9-B0C1-4D2E-3F4A-5B6C7D8E9F0A}.Release|Any CPU.ActiveCfg = Release|Any CPU
		{D6E7F8A9-B0C1-4D2E-3F4A-5B6C7D8E9F0A}.Release|Any CPU.Build.0 = Release|Any CPU
		{E7F8A9B0-C1D2-4E3F-4A5B-6C7D8E9F0A1B}.Debug|Any CPU.ActiveCfg = Debug|Any CPU
		{E7F8A9B0-C1D2-4E3F-4A5B-6C7D8E9F0A1B}.Debug|Any CPU.Build.0 = Debug|Any CPU
		{E7F8A9B0-C1D2-4E3F-4A5B-6C7D8E9F0A1B}.Release|Any CPU.ActiveCfg = Release|Any CPU
		{E7F8A9B0-C1D2-4E3F-4A5B-6C7D8E9F0A1B}.Release|Any CPU.Build.0 = Release|Any CPU
		{F8A9B0C1-D2E3-4F4A-5B6C-7D8E9F0A1B2C}.Debug|Any CPU.ActiveCfg = Debug|Any CPU
		{F8A9B0C1-D2E3-4F4A-5B6C-7D8E9F0A1B2C}.Debug|Any CPU.Build.0 = Debug|Any CPU
		{F8A9B0C1-D2E3-4F4A-5B6C-7D8E9F0A1B2C}.Release|Any CPU.ActiveCfg = Release|Any CPU
		{F8A9B0C1-D2E3-4F4A-5B6C-7D8E9F0A1B2C}.Release|Any CPU.Build.0 = Release|Any CPU
		{A9B0C1D2-E3F4-4A5B-6C7D-8E9F0A1B2C3D}.Debug|Any CPU.ActiveCfg = Debug|Any CPU
		{A9B0C1D2-E3F4-4A5B-6C7D-8E9F0A1B2C3D}.Debug|Any CPU.Build.0 = Debug|Any CPU
		{A9B0C1D2-E3F4-4A5B-6C7D-8E9F0A1B2C3D}.Release|Any CPU.ActiveCfg = Release|Any CPU
		{A9B0C1D2-E3F4-4A5B-6C7D-8E9F0A1B2C3D}.Release|Any CPU.Build.0 = Release|Any CPU
		{B0C1D2E3-F4A5-4B6C-7D8E-9F0A1B2C3D4E}.Debug|Any CPU.ActiveCfg = Debug|Any CPU
		{B0C1D2E3-F4A5-4B6C-7D8E-9F0A1B2C3D4E}.Debug|Any CPU.Build.0 = Debug|Any CPU
		{B0C1D2E3-F4A5-4B6C-7D8E-9F0A1B2C3D4E}.Release|Any CPU.ActiveCfg = Release|Any CPU
		{B0C1D2E3-F4A5-4B6C-7D8E-9F0A1B2C3D4E}.Release|Any CPU.Build.0 = Release|Any CPU
		{C1D2E3F4-A5B6-4C7D-8E9F-0A1B2C3D4E5F}.Debug|Any CPU.ActiveCfg = Debug|Any CPU
		{C1D2E3F4-A5B6-4C7D-8E9F-0A1B2C3D4E5F}.Debug|Any CPU.Build.0 = Debug|Any CPU
		{C1D2E3F4-A5B6-4C7D-8E9F-0A1B2C3D4E5F}.Release|Any CPU.ActiveCfg = Release|Any CPU
		{C1D2E3F4-A5B6-4C7D-8E9F-0A1B2C3D4E5F}.Release|Any CPU.Build.0 = Release|Any CPU
		{D2E3F4A5-B6C7-4D8E-9F0A-1B2C3D4E5F6A}.Debug|Any CPU.ActiveCfg = Debug|Any CPU
		{D2E3F4A5-B6C7-4D8E-9F0A-1B2C3D4E5F6A}.Debug|Any CPU.Build.0 = Debug|Any CPU
		{D2E3F4A5-B6C7-4D8E-9F0A-1B2C3D4E5F6A}.Release|Any CPU.ActiveCfg = Release|Any CPU
		{D2E3F4A5-B6C7-4D8E-9F0A-1B2C3D4E5F6A}.Release|Any CPU.Build.0 = Release|Any CPU
		{E3F4A5B6-C7D8-4E9F-0A1B-2C3D4E5F6A7B}.Debug|Any CPU.ActiveCfg = Debug|Any CPU
		{E3F4A5B6-C7D8-4E9F-0A1B-2C3D4E5F6A7B}.Debug|Any CPU.Build.0 = Debug|Any CPU
		{E3F4A5B6-C7D8-4E9F-0A1B-2C3D4E5F6A7B}.Release|Any CPU.ActiveCfg = Release|Any CPU
		{E3F4A5B6-C7D8-4E9F-0A1B-2C3D4E5F6A7B}.Release|Any CPU.Build.0 = Release|Any CPU
		{F4A5B6C7-D8E9-4F0A-1B2C-3D4E5F6A7B8C}.Debug|Any CPU.ActiveCfg = Debug|Any CPU
		{F4A5B6C7-D8E9-4F0A-1B2C-3D4E5F6A7B8C}.Debug|Any CPU.Build.0 = Debug|Any CPU
		{F4A5B6C7-D8E9-4F0A-1B2C-3D4E5F6A7B8C}.Release|Any CPU.ActiveCfg = Release|Any CPU
		{F4A5B6C7-D8E9-4F0A-1B2C-3D4E5F6A7B8C}.Release|Any CPU.Build.0 = Release|Any CPU
		{A5B6C7D8-E9F0-4A1B-2C3D-4E5F6A7B8C9D}.Debug|Any CPU.ActiveCfg = Debug|Any CPU
		{A5B6C7D8-E9F0-4A1B-2C3D-4E5F6A7B8C9D}.Debug|Any CPU.Build.0 = Debug|Any CPU
		{A5B6C7D8-E9F0-4A1B-2C3D-4E5F6A7B8C9D}.Release|Any CPU.ActiveCfg = Release|Any CPU
		{A5B6C7D8-E9F0-4A1B-2C3D-4E5F6A7B8C9D}.Release|Any CPU.Build.0 = Release|Any CPU
		{B6C7D8E9-F0A1-4B2C-3D4E-5F6A7B8C9D0E}.Debug|Any CPU.ActiveCfg = Debug|Any CPU
		{B6C7D8E9-F0A1-4B2C-3D4E-5F6A7B8C9D0E}.Debug|Any CPU.Build.0 = Debug|Any CPU
		{B6C7D8E9-F0A1-4B2C-3D4E-5F6A7B8C9D0E}.Release|Any CPU.ActiveCfg = Release|Any CPU
		{B6C7D8E9-F0A1-4B2C-3D4E-5F6A7B8C9D0E}.Release|Any CPU.Build.0 = Release|Any CPU
		{C7D8E9F0-A1B2-4C3D-4E5F-6A7B8C9D0E1F}.Debug|Any CPU.ActiveCfg = Debug|Any CPU
		{C7D8E9F0-A1B2-4C3D-4E5F-6A7B8C9D0E1F}.Debug|Any CPU.Build.0 = Debug|Any CPU
		{C7D8E9F0-A1B2-4C3D-4E5F-6A7B8C9D0E1F}.Release|Any CPU.ActiveCfg = Release|Any CPU
		{C7D8E9F0-A1B2-4C3D-4E5F-6A7B8C9D0E1F}.Release|Any CPU.Build.0 = Release|Any CPU
		{D8E9F0A1-B2C3-4D4E-5F6A-7B8C9D0E1F2A}.Debug|Any CPU.ActiveCfg = Debug|Any CPU
		{D8E9F0A1-B2C3-4D4E-5F6A-7B8C9D0E1F2A}.Debug|Any CPU.Build.0 = Debug|Any CPU
		{D8E9F0A1-B2C3-4D4E-5F6A-7B8C9D0E1F2A}.Release|Any CPU.ActiveCfg = Release|Any CPU
		{D8E9F0A1-B2C3-4D4E-5F6A-7B8C9D0E1F2A}.Release|Any CPU.Build.0 = Release|Any CPU
		{E9F0A1B2-C3D4-4E5F-6A7B-8C9D0E1F2A3B}.Debug|Any CPU.ActiveCfg = Debug|Any CPU
		{E9F0A1B2-C3D4-4E5F-6A7B-8C9D0E1F2A3B}.Debug|Any CPU.Build.0 = Debug|Any CPU
		{E9F0A1B2-C3D4-4E5F-6A7B-8C9D0E1F2A3B}.Release|Any CPU.ActiveCfg = Release|Any CPU
		{E9F0A1B2-C3D4-4E5F-6A7B-8C9D0E1F2A3B}.Release|Any CPU.Build.0 = Release|Any CPU
		{F0A1B2C3-D4E5-4F6A-7B8C-9D0E1F2A3B4C}.Debug|Any CPU.ActiveCfg = Debug|Any CPU
		{F0A1B2C3-D4E5-4F6A-7B8C-9D0E1F2A3B4C}.Debug|Any CPU.Build.0 = Debug|Any CPU
		{F0A1B2C3-D4E5-4F6A-7B8C-9D0E1F2A3B4C}.Release|Any CPU.ActiveCfg = Release|Any CPU
		{F0A1B2C3-D4E5-4F6A-7B8C-9D0E1F2A3B4C}.Release|Any CPU.Build.0 = Release|Any CPU
		{A1B2C3D4-E5F6-4A7B-8C9D-0E1F2A3B4C5D}.Debug|Any CPU.ActiveCfg = Debug|Any CPU
		{A1B2C3D4-E5F6-4A7B-8C9D-0E1F2A3B4C5D}.Debug|Any CPU.Build.0 = Debug|Any CPU
		{A1B2C3D4-E5F6-4A7B-8C9D-0E1F2A3B4C5D}.Release|Any CPU.ActiveCfg = Release|Any CPU
		{A1B2C3D4-E5F6-4A7B-8C9D-0E1F2A3B4C5D}.Release|Any CPU.Build.0 = Release|Any CPU
		{B2C3D4E5-F6A7-4B8C-9D0E-1F2A3B4C5D6E}.Debug|Any CPU.ActiveCfg = Debug|Any CPU
		{B2C3D4E5-F6A7-4B8C-9D0E-1F2A3B4C5D6E}.Debug|Any CPU.Build.0 = Debug|Any CPU
		{B2C3D4E5-F6A7-4B8C-9D0E-1F2A3B4C5D6E}.Release|Any CPU.ActiveCfg = Release|Any CPU
		{B2C3D4E5-F6A7-4B8C-9D0E-1F2A3B4C5D6E}.Release|Any CPU.Build.0 = Release|Any CPU
		{C3D4E5F6-A7B8-4C9D-0E1F-2A3B4C5D6E7F}.Debug|Any CPU.ActiveCfg = Debug|Any CPU
		{C3D4E5F6-A7B8-4C9D-0E1F-2A3B4C5D6E7F}.Debug|Any CPU.Build.0 = Debug|Any CPU
		{C3D4E5F6-A7B8-4C9D-0E1F-2A3B4C5D6E7F}.Release|Any CPU.ActiveCfg = Release|Any CPU
		{C3D4E5F6-A7B8-4C9D-0E1F-2A3B4C5D6E7F}.Release|Any CPU.Build.0 = Release|Any CPU
		{D4E5F6A7-B8C9-4D0E-1F2A-3B4C5D6E7F8A}.Debug|Any CPU.ActiveCfg = Debug|Any CPU
		{D4E5F6A7-B8C9-4D0E-1F2A-3B4C5D6E7F8A}.Debug|Any CPU.Build.0 = Debug|Any CPU
		{D4E5F6A7-B8C9-4D0E-1F2A-3B4C5D6E7F8A}.Release|Any CPU.ActiveCfg = Release|Any CPU
		{D4E5F6A7-B8C9-4D0E-1F2A-3B4C5D6E7F8A}.Release|Any CPU.Build.0 = Release|Any CPU
		{E5F6A7B8-C9D0-4E1F-2A3B-4C5D6E7F8A9B}.Debug|Any CPU.ActiveCfg = Debug|Any CPU
		{E5F6A7B8-C9D0-4E1F-2A3B-4C5D6E7F8A9B}.Debug|Any CPU.Build.0 = Debug|Any CPU
		{E5F6A7B8-C9D0-4E1F-2A3B-4C5D6E7F8A9B}.Release|Any CPU.ActiveCfg = Release|Any CPU
		{E5F6A7B8-C9D0-4E1F-2A3B-4C5D6E7F8A9B}.Release|Any CPU.Build.0 = Release|Any CPU
		{1C6C1225-9BCE-4B6D-8C99-FE4D5164C5CB}.Debug|Any CPU.ActiveCfg = Debug|Any CPU
		{1C6C1225-9BCE-4B6D-8C99-FE4D5164C5CB}.Debug|Any CPU.Build.0 = Debug|Any CPU
		{1C6C1225-9BCE-4B6D-8C99-FE4D5164C5CB}.Release|Any CPU.ActiveCfg = Release|Any CPU
		{1C6C1225-9BCE-4B6D-8C99-FE4D5164C5CB}.Release|Any CPU.Build.0 = Release|Any CPU
	EndGlobalSection
	GlobalSection(SolutionProperties) = preSolution
		HideSolutionNode = FALSE
	EndGlobalSection
	GlobalSection(NestedProjects) = preSolution
		{A1D563B2-E491-4897-9C5E-659A311B1FAA} = {D8E6E178-F3D4-4E1C-B38A-5C6B6D0F435A}
		{B2D7D3C1-E45F-4E9D-8F3A-8B5C3F1E72AA} = {D8E6E178-F3D4-4E1C-B38A-5C6B6D0F435A}
		{C3E8D3D0-F4A0-4E8C-B7B2-9C7F3E7C8B99} = {D8E6E178-F3D4-4E1C-B38A-5C6B6D0F435A}
		{D4F9D2D9-0E3B-4F7B-8D1E-8F1E7B8C7B8A} = {D8E6E178-F3D4-4E1C-B38A-5C6B6D0F435A}
		{E5E0D5D8-C3F1-4F7A-B1E1-9F1E7B7C7B7A} = {D8E6E178-F3D4-4E1C-B38A-5C6B6D0F435A}
		{F0D1D2D3-E4F1-4F7C-B1E0-9F1E7B7C7B7B} = {A1D563B2-E491-4897-9C5E-659A311B1FAA}
		{A1B2C3D4-E5F6-4A7B-8C9D-0E1F2A3B4C5D} = {E5E0D5D8-C3F1-4F7A-B1E1-9F1E7B7C7B7A}
		{B2C3D4E5-F6A7-4B8C-9D0E-1F2A3B4C5D6E} = {E5E0D5D8-C3F1-4F7A-B1E1-9F1E7B7C7B7A}
		{C3D4E5F6-A7B8-4C9D-0E1F-2A3B4C5D6E7F} = {E5E0D5D8-C3F1-4F7A-B1E1-9F1E7B7C7B7A}
		{D4E5F6A7-B8C9-4D0E-1F2A-3B4C5D6E7F8A} = {D8E6E178-F3D4-4E1C-B38A-5C6B6D0F435A}
		{E5F6A7B8-C9D0-4E1F-2A3B-4C5D6E7F8A9B} = {F7B0A3B8-E7C9-4E0D-AD5E-89C2A54C0F0E}
		{F6A7B8C9-D0E1-4F2A-3B4C-5D6E7F8A9B0C} = {A1D563B2-E491-4897-9C5E-659A311B1FAA}
		{A7B8C9D0-E1F2-4A3B-4C5D-6E7F8A9B0C1D} = {A1D563B2-E491-4897-9C5E-659A311B1FAA}
		{B8C9D0E1-F2A3-4B4C-5D6E-7F8A9B0C1D2E} = {A1D563B2-E491-4897-9C5E-659A311B1FAA}
		{C9D0E1F2-A3B4-4C5D-6E7F-8A9B0C1D2E3F} = {B2D7D3C1-E45F-4E9D-8F3A-8B5C3F1E72AA}
		{D0E1F2A3-B4C5-4D6E-7F8A-9B0C1D2E3F4A} = {B2D7D3C1-E45F-4E9D-8F3A-8B5C3F1E72AA}
		{E1F2A3B4-C5D6-4E7F-8A9B-0C1D2E3F4A5B} = {B2D7D3C1-E45F-4E9D-8F3A-8B5C3F1E72AA}
		{F2A3B4C5-D6E7-4F8A-9B0C-1D2E3F4A5B6C} = {B2D7D3C1-E45F-4E9D-8F3A-8B5C3F1E72AA}
		{A3B4C5D6-E7F8-4A9B-0C1D-2E3F4A5B6C7D} = {B2D7D3C1-E45F-4E9D-8F3A-8B5C3F1E72AA}
		{B4C5D6E7-F8A9-4B0C-1D2E-3F4A5B6C7D8E} = {B2D7D3C1-E45F-4E9D-8F3A-8B5C3F1E72AA}
		{C5D6E7F8-A9B0-4C1D-2E3F-4A5B6C7D8E9F} = {B2D7D3C1-E45F-4E9D-8F3A-8B5C3F1E72AA}
		{D6E7F8A9-B0C1-4D2E-3F4A-5B6C7D8E9F0A} = {C3E8D3D0-F4A0-4E8C-B7B2-9C7F3E7C8B99}
		{E7F8A9B0-C1D2-4E3F-4A5B-6C7D8E9F0A1B} = {C3E8D3D0-F4A0-4E8C-B7B2-9C7F3E7C8B99}
		{F8A9B0C1-D2E3-4F4A-5B6C-7D8E9F0A1B2C} = {C3E8D3D0-F4A0-4E8C-B7B2-9C7F3E7C8B99}
		{A9B0C1D2-E3F4-4A5B-6C7D-8E9F0A1B2C3D} = {C3E8D3D0-F4A0-4E8C-B7B2-9C7F3E7C8B99}
		{B0C1D2E3-F4A5-4B6C-7D8E-9F0A1B2C3D4E} = {C3E8D3D0-F4A0-4E8C-B7B2-9C7F3E7C8B99}
		{C1D2E3F4-A5B6-4C7D-8E9F-0A1B2C3D4E5F} = {C3E8D3D0-F4A0-4E8C-B7B2-9C7F3E7C8B99}
		{D2E3F4A5-B6C7-4D8E-9F0A-1B2C3D4E5F6A} = {C3E8D3D0-F4A0-4E8C-B7B2-9C7F3E7C8B99}
		{E3F4A5B6-C7D8-4E9F-0A1B-2C3D4E5F6A7B} = {D4F9D2D9-0E3B-4F7B-8D1E-8F1E7B8C7B8A}
		{F4A5B6C7-D8E9-4F0A-1B2C-3D4E5F6A7B8C} = {D4F9D2D9-0E3B-4F7B-8D1E-8F1E7B8C7B8A}
		{A5B6C7D8-E9F0-4A1B-2C3D-4E5F6A7B8C9D} = {D4F9D2D9-0E3B-4F7B-8D1E-8F1E7B8C7B8A}
		{B6C7D8E9-F0A1-4B2C-3D4E-5F6A7B8C9D0E} = {D4F9D2D9-0E3B-4F7B-8D1E-8F1E7B8C7B8A}
		{C7D8E9F0-A1B2-4C3D-4E5F-6A7B8C9D0E1F} = {D4F9D2D9-0E3B-4F7B-8D1E-8F1E7B8C7B8A}
		{D8E9F0A1-B2C3-4D4E-5F6A-7B8C9D0E1F2A} = {E5E0D5D8-C3F1-4F7A-B1E1-9F1E7B7C7B7A}
		{E9F0A1B2-C3D4-4E5F-6A7B-8C9D0E1F2A3B} = {E5E0D5D8-C3F1-4F7A-B1E1-9F1E7B7C7B7A}
		{F0A1B2C3-D4E5-4F6A-7B8C-9D0E1F2A3B4C} = {E5E0D5D8-C3F1-4F7A-B1E1-9F1E7B7C7B7A}
		{AD61C974-5FA1-48A6-A0D2-BB9764B0F35B} = {F7B0A3B8-E7C9-4E0D-AD5E-89C2A54C0F0E}
		{C5A016BF-7478-4653-8449-F2C65E5EEFDC} = {AD61C974-5FA1-48A6-A0D2-BB9764B0F35B}
		{1C6C1225-9BCE-4B6D-8C99-FE4D5164C5CB} = {C5A016BF-7478-4653-8449-F2C65E5EEFDC}
	EndGlobalSection
	GlobalSection(ExtensibilityGlobals) = postSolution
		SolutionGuid = {F1B2C3D4-E5F6-4A7B-8C9D-0E1F2A3B4C5D}
	EndGlobalSection
EndGlobal
